PODS:
  - DynamicBlurView (4.1.0)
  - lottie-ios (3.2.3)
  - PopupDialog (1.1.1):
    - DynamicBlurView (~> 4.0)

DEPENDENCIES:
  - lottie-ios
  - PopupDialog (~> 1.1)

SPEC REPOS:
  trunk:
    - DynamicBlurView
    - lottie-ios
    - PopupDialog

SPEC CHECKSUMS:
  DynamicBlurView: 58e18fae80bb614e34681a4486870e7d257b62e8
  lottie-ios: c058aeafa76daa4cf64d773554bccc8385d0150e
  PopupDialog: 720c92befd8bc23c13442254945213db5612f149

PODFILE CHECKSUM: fc7871077f3f9fc3fcffd0b90d8f0b82182e74e2

COCOAPODS: 1.10.1
