// !$*UTF8*$!
{
	archiveVersion = 1;
	classes = {
	};
	objectVersion = 50;
	objects = {

/* Begin PBXBuildFile section */
		5B32AC3826B368D900504A02 /* AppDelegate.swift in Sources */ = {isa = PBXBuildFile; fileRef = 5B32AC3726B368D900504A02 /* AppDelegate.swift */; };
		5B32AC3A26B368D900504A02 /* SceneDelegate.swift in Sources */ = {isa = PBXBuildFile; fileRef = 5B32AC3926B368D900504A02 /* SceneDelegate.swift */; };
		5B32AC3C26B368D900504A02 /* ViewController.swift in Sources */ = {isa = PBXBuildFile; fileRef = 5B32AC3B26B368D900504A02 /* ViewController.swift */; };
		5B32AC3F26B368D900504A02 /* Main.storyboard in Resources */ = {isa = PBXBuildFile; fileRef = 5B32AC3D26B368D900504A02 /* Main.storyboard */; };
		5B32AC4426B368DC00504A02 /* LaunchScreen.storyboard in Resources */ = {isa = PBXBuildFile; fileRef = 5B32AC4226B368DC00504A02 /* LaunchScreen.storyboard */; };
		5B32AC5726B371EB00504A02 /* UserCell.swift in Sources */ = {isa = PBXBuildFile; fileRef = 5B32AC5526B371EB00504A02 /* UserCell.swift */; };
		5B32AC5826B371EB00504A02 /* UserCell.xib in Resources */ = {isa = PBXBuildFile; fileRef = 5B32AC5626B371EB00504A02 /* UserCell.xib */; };
		5B32AC5D26B3760400504A02 /* RouletteCell.swift in Sources */ = {isa = PBXBuildFile; fileRef = 5B32AC5B26B3760400504A02 /* RouletteCell.swift */; };
		5B32AC5E26B3760400504A02 /* RouletteCell.xib in Resources */ = {isa = PBXBuildFile; fileRef = 5B32AC5C26B3760400504A02 /* RouletteCell.xib */; };
		703999D326B5EA1C008B9445 /* Constants.swift in Sources */ = {isa = PBXBuildFile; fileRef = 703999D226B5EA1C008B9445 /* Constants.swift */; };
		BC76B98426B37F7800FF036B /* Assets.xcassets in Resources */ = {isa = PBXBuildFile; fileRef = BC76B98326B37F7800FF036B /* Assets.xcassets */; };
		BC8DF5DA26B3842F000EB12D /* User.swift in Sources */ = {isa = PBXBuildFile; fileRef = BC8DF5D926B3842F000EB12D /* User.swift */; };
		BC8DF5DE26B38467000EB12D /* UserController.swift in Sources */ = {isa = PBXBuildFile; fileRef = BC8DF5DD26B38467000EB12D /* UserController.swift */; };
/* End PBXBuildFile section */

/* Begin PBXFileReference section */
		5B32AC3426B368D900504A02 /* russianRoulette.app */ = {isa = PBXFileReference; explicitFileType = wrapper.application; includeInIndex = 0; path = russianRoulette.app; sourceTree = BUILT_PRODUCTS_DIR; };
		5B32AC3726B368D900504A02 /* AppDelegate.swift */ = {isa = PBXFileReference; lastKnownFileType = sourcecode.swift; path = AppDelegate.swift; sourceTree = "<group>"; };
		5B32AC3926B368D900504A02 /* SceneDelegate.swift */ = {isa = PBXFileReference; lastKnownFileType = sourcecode.swift; path = SceneDelegate.swift; sourceTree = "<group>"; };
		5B32AC3B26B368D900504A02 /* ViewController.swift */ = {isa = PBXFileReference; lastKnownFileType = sourcecode.swift; path = ViewController.swift; sourceTree = "<group>"; };
		5B32AC3E26B368D900504A02 /* Base */ = {isa = PBXFileReference; lastKnownFileType = file.storyboard; name = Base; path = Base.lproj/Main.storyboard; sourceTree = "<group>"; };
		5B32AC4326B368DC00504A02 /* Base */ = {isa = PBXFileReference; lastKnownFileType = file.storyboard; name = Base; path = Base.lproj/LaunchScreen.storyboard; sourceTree = "<group>"; };
		5B32AC4526B368DC00504A02 /* Info.plist */ = {isa = PBXFileReference; lastKnownFileType = text.plist.xml; path = Info.plist; sourceTree = "<group>"; };
		5B32AC5526B371EB00504A02 /* UserCell.swift */ = {isa = PBXFileReference; lastKnownFileType = sourcecode.swift; path = UserCell.swift; sourceTree = "<group>"; };
		5B32AC5626B371EB00504A02 /* UserCell.xib */ = {isa = PBXFileReference; lastKnownFileType = file.xib; path = UserCell.xib; sourceTree = "<group>"; };
		5B32AC5B26B3760400504A02 /* RouletteCell.swift */ = {isa = PBXFileReference; lastKnownFileType = sourcecode.swift; path = RouletteCell.swift; sourceTree = "<group>"; };
		5B32AC5C26B3760400504A02 /* RouletteCell.xib */ = {isa = PBXFileReference; lastKnownFileType = file.xib; path = RouletteCell.xib; sourceTree = "<group>"; };
		703999D226B5EA1C008B9445 /* Constants.swift */ = {isa = PBXFileReference; lastKnownFileType = sourcecode.swift; path = Constants.swift; sourceTree = "<group>"; };
		BC76B98326B37F7800FF036B /* Assets.xcassets */ = {isa = PBXFileReference; lastKnownFileType = folder.assetcatalog; path = Assets.xcassets; sourceTree = "<group>"; };
		BC8DF5D926B3842F000EB12D /* User.swift */ = {isa = PBXFileReference; lastKnownFileType = sourcecode.swift; path = User.swift; sourceTree = "<group>"; };
		BC8DF5DD26B38467000EB12D /* UserController.swift */ = {isa = PBXFileReference; lastKnownFileType = sourcecode.swift; path = UserController.swift; sourceTree = "<group>"; };
/* End PBXFileReference section */

/* Begin PBXFrameworksBuildPhase section */
		5B32AC3126B368D900504A02 /* Frameworks */ = {
			isa = PBXFrameworksBuildPhase;
			buildActionMask = 2147483647;
			files = (
			);
			runOnlyForDeploymentPostprocessing = 0;
		};
/* End PBXFrameworksBuildPhase section */

/* Begin PBXGroup section */
		5B32AC2B26B368D900504A02 = {
			isa = PBXGroup;
			children = (
				5B32AC3626B368D900504A02 /* russianRoulette */,
				5B32AC3526B368D900504A02 /* Products */,
			);
			sourceTree = "<group>";
		};
		5B32AC3526B368D900504A02 /* Products */ = {
			isa = PBXGroup;
			children = (
				5B32AC3426B368D900504A02 /* russianRoulette.app */,
			);
			name = Products;
			sourceTree = "<group>";
		};
		5B32AC3626B368D900504A02 /* russianRoulette */ = {
			isa = PBXGroup;
			children = (
				703999D126B5EA0A008B9445 /* Utilities */,
				BC8DF5DC26B38453000EB12D /* Controller */,
				BC8DF5D826B38422000EB12D /* Model */,
				5B32AC5126B3714400504A02 /* views */,
				5B32AC3726B368D900504A02 /* AppDelegate.swift */,
				5B32AC3926B368D900504A02 /* SceneDelegate.swift */,
				BC76B98326B37F7800FF036B /* Assets.xcassets */,
				5B32AC3D26B368D900504A02 /* Main.storyboard */,
				5B32AC4226B368DC00504A02 /* LaunchScreen.storyboard */,
				5B32AC4526B368DC00504A02 /* Info.plist */,
			);
			path = russianRoulette;
			sourceTree = "<group>";
		};
		5B32AC5126B3714400504A02 /* views */ = {
			isa = PBXGroup;
			children = (
				5B32AC5226B3715900504A02 /* CustomCells */,
				5B32AC3B26B368D900504A02 /* ViewController.swift */,
			);
			path = views;
			sourceTree = "<group>";
		};
		5B32AC5226B3715900504A02 /* CustomCells */ = {
			isa = PBXGroup;
			children = (
				5B32AC5A26B375EB00504A02 /* RouletteCell */,
				5B32AC5926B375E200504A02 /* UserCell */,
			);
			path = CustomCells;
			sourceTree = "<group>";
		};
		5B32AC5926B375E200504A02 /* UserCell */ = {
			isa = PBXGroup;
			children = (
				5B32AC5526B371EB00504A02 /* UserCell.swift */,
				5B32AC5626B371EB00504A02 /* UserCell.xib */,
			);
			path = UserCell;
			sourceTree = "<group>";
		};
		5B32AC5A26B375EB00504A02 /* RouletteCell */ = {
			isa = PBXGroup;
			children = (
				5B32AC5B26B3760400504A02 /* RouletteCell.swift */,
				5B32AC5C26B3760400504A02 /* RouletteCell.xib */,
			);
			path = RouletteCell;
			sourceTree = "<group>";
		};
		703999D126B5EA0A008B9445 /* Utilities */ = {
			isa = PBXGroup;
			children = (
				703999D226B5EA1C008B9445 /* Constants.swift */,
			);
			path = Utilities;
			sourceTree = "<group>";
		};
		BC8DF5D826B38422000EB12D /* Model */ = {
			isa = PBXGroup;
			children = (
				BC8DF5D926B3842F000EB12D /* User.swift */,
			);
			path = Model;
			sourceTree = "<group>";
		};
		BC8DF5DC26B38453000EB12D /* Controller */ = {
			isa = PBXGroup;
			children = (
				BC8DF5DD26B38467000EB12D /* UserController.swift */,
			);
			path = Controller;
			sourceTree = "<group>";
		};
/* End PBXGroup section */

/* Begin PBXNativeTarget section */
		5B32AC3326B368D900504A02 /* russianRoulette */ = {
			isa = PBXNativeTarget;
			buildConfigurationList = 5B32AC4826B368DC00504A02 /* Build configuration list for PBXNativeTarget "russianRoulette" */;
			buildPhases = (
				5B32AC3026B368D900504A02 /* Sources */,
				5B32AC3126B368D900504A02 /* Frameworks */,
				5B32AC3226B368D900504A02 /* Resources */,
			);
			buildRules = (
			);
			dependencies = (
			);
			name = russianRoulette;
			productName = russianRoulette;
			productReference = 5B32AC3426B368D900504A02 /* russianRoulette.app */;
			productType = "com.apple.product-type.application";
		};
/* End PBXNativeTarget section */

/* Begin PBXProject section */
		5B32AC2C26B368D900504A02 /* Project object */ = {
			isa = PBXProject;
			attributes = {
				LastSwiftUpdateCheck = 1250;
				LastUpgradeCheck = 1250;
				TargetAttributes = {
					5B32AC3326B368D900504A02 = {
						CreatedOnToolsVersion = 12.5.1;
					};
				};
			};
			buildConfigurationList = 5B32AC2F26B368D900504A02 /* Build configuration list for PBXProject "russianRoulette" */;
			compatibilityVersion = "Xcode 9.3";
			developmentRegion = en;
			hasScannedForEncodings = 0;
			knownRegions = (
				en,
				Base,
			);
			mainGroup = 5B32AC2B26B368D900504A02;
			productRefGroup = 5B32AC3526B368D900504A02 /* Products */;
			projectDirPath = "";
			projectRoot = "";
			targets = (
				5B32AC3326B368D900504A02 /* russianRoulette */,
			);
		};
/* End PBXProject section */

/* Begin PBXResourcesBuildPhase section */
		5B32AC3226B368D900504A02 /* Resources */ = {
			isa = PBXResourcesBuildPhase;
			buildActionMask = 2147483647;
			files = (
				5B32AC5826B371EB00504A02 /* UserCell.xib in Resources */,
				5B32AC5E26B3760400504A02 /* RouletteCell.xib in Resources */,
				5B32AC4426B368DC00504A02 /* LaunchScreen.storyboard in Resources */,
				5B32AC3F26B368D900504A02 /* Main.storyboard in Resources */,
				BC76B98426B37F7800FF036B /* Assets.xcassets in Resources */,
			);
			runOnlyForDeploymentPostprocessing = 0;
		};
/* End PBXResourcesBuildPhase section */

/* Begin PBXSourcesBuildPhase section */
		5B32AC3026B368D900504A02 /* Sources */ = {
			isa = PBXSourcesBuildPhase;
			buildActionMask = 2147483647;
			files = (
				5B32AC5726B371EB00504A02 /* UserCell.swift in Sources */,
				5B32AC3C26B368D900504A02 /* ViewController.swift in Sources */,
				BC8DF5DA26B3842F000EB12D /* User.swift in Sources */,
				5B32AC5D26B3760400504A02 /* RouletteCell.swift in Sources */,
				BC8DF5DE26B38467000EB12D /* UserController.swift in Sources */,
				5B32AC3826B368D900504A02 /* AppDelegate.swift in Sources */,
				5B32AC3A26B368D900504A02 /* SceneDelegate.swift in Sources */,
				703999D326B5EA1C008B9445 /* Constants.swift in Sources */,
			);
			runOnlyForDeploymentPostprocessing = 0;
		};
/* End PBXSourcesBuildPhase section */

/* Begin PBXVariantGroup section */
		5B32AC3D26B368D900504A02 /* Main.storyboard */ = {
			isa = PBXVariantGroup;
			children = (
				5B32AC3E26B368D900504A02 /* Base */,
			);
			name = Main.storyboard;
			sourceTree = "<group>";
		};
		5B32AC4226B368DC00504A02 /* LaunchScreen.storyboard */ = {
			isa = PBXVariantGroup;
			children = (
				5B32AC4326B368DC00504A02 /* Base */,
			);
			name = LaunchScreen.storyboard;
			sourceTree = "<group>";
		};
/* End PBXVariantGroup section */

/* Begin XCBuildConfiguration section */
		5B32AC4626B368DC00504A02 /* Debug */ = {
			isa = XCBuildConfiguration;
			buildSettings = {
				ALWAYS_SEARCH_USER_PATHS = NO;
				CLANG_ANALYZER_NONNULL = YES;
				CLANG_ANALYZER_NUMBER_OBJECT_CONVERSION = YES_AGGRESSIVE;
				CLANG_CXX_LANGUAGE_STANDARD = "gnu++14";
				CLANG_CXX_LIBRARY = "libc++";
				CLANG_ENABLE_MODULES = YES;
				CLANG_ENABLE_OBJC_ARC = YES;
				CLANG_ENABLE_OBJC_WEAK = YES;
				CLANG_WARN_BLOCK_CAPTURE_AUTORELEASING = YES;
				CLANG_WARN_BOOL_CONVERSION = YES;
				CLANG_WARN_COMMA = YES;
				CLANG_WARN_CONSTANT_CONVERSION = YES;
				CLANG_WARN_DEPRECATED_OBJC_IMPLEMENTATIONS = YES;
				CLANG_WARN_DIRECT_OBJC_ISA_USAGE = YES_ERROR;
				CLANG_WARN_DOCUMENTATION_COMMENTS = YES;
				CLANG_WARN_EMPTY_BODY = YES;
				CLANG_WARN_ENUM_CONVERSION = YES;
				CLANG_WARN_INFINITE_RECURSION = YES;
				CLANG_WARN_INT_CONVERSION = YES;
				CLANG_WARN_NON_LITERAL_NULL_CONVERSION = YES;
				CLANG_WARN_OBJC_IMPLICIT_RETAIN_SELF = YES;
				CLANG_WARN_OBJC_LITERAL_CONVERSION = YES;
				CLANG_WARN_OBJC_ROOT_CLASS = YES_ERROR;
				CLANG_WARN_QUOTED_INCLUDE_IN_FRAMEWORK_HEADER = YES;
				CLANG_WARN_RANGE_LOOP_ANALYSIS = YES;
				CLANG_WARN_STRICT_PROTOTYPES = YES;
				CLANG_WARN_SUSPICIOUS_MOVE = YES;
				CLANG_WARN_UNGUARDED_AVAILABILITY = YES_AGGRESSIVE;
				CLANG_WARN_UNREACHABLE_CODE = YES;
				CLANG_WARN__DUPLICATE_METHOD_MATCH = YES;
				COPY_PHASE_STRIP = NO;
				DEBUG_INFORMATION_FORMAT = dwarf;
				ENABLE_STRICT_OBJC_MSGSEND = YES;
				ENABLE_TESTABILITY = YES;
				GCC_C_LANGUAGE_STANDARD = gnu11;
				GCC_DYNAMIC_NO_PIC = NO;
				GCC_NO_COMMON_BLOCKS = YES;
				GCC_OPTIMIZATION_LEVEL = 0;
				GCC_PREPROCESSOR_DEFINITIONS = (
					"DEBUG=1",
					"$(inherited)",
				);
				GCC_WARN_64_TO_32_BIT_CONVERSION = YES;
				GCC_WARN_ABOUT_RETURN_TYPE = YES_ERROR;
				GCC_WARN_UNDECLARED_SELECTOR = YES;
				GCC_WARN_UNINITIALIZED_AUTOS = YES_AGGRESSIVE;
				GCC_WARN_UNUSED_FUNCTION = YES;
				GCC_WARN_UNUSED_VARIABLE = YES;
				IPHONEOS_DEPLOYMENT_TARGET = 14.5;
				MTL_ENABLE_DEBUG_INFO = INCLUDE_SOURCE;
				MTL_FAST_MATH = YES;
				ONLY_ACTIVE_ARCH = YES;
				SDKROOT = iphoneos;
				SWIFT_ACTIVE_COMPILATION_CONDITIONS = DEBUG;
				SWIFT_OPTIMIZATION_LEVEL = "-Onone";
			};
			name = Debug;
		};
		5B32AC4726B368DC00504A02 /* Release */ = {
			isa = XCBuildConfiguration;
			buildSettings = {
				ALWAYS_SEARCH_USER_PATHS = NO;
				CLANG_ANALYZER_NONNULL = YES;
				CLANG_ANALYZER_NUMBER_OBJECT_CONVERSION = YES_AGGRESSIVE;
				CLANG_CXX_LANGUAGE_STANDARD = "gnu++14";
				CLANG_CXX_LIBRARY = "libc++";
				CLANG_ENABLE_MODULES = YES;
				CLANG_ENABLE_OBJC_ARC = YES;
				CLANG_ENABLE_OBJC_WEAK = YES;
				CLANG_WARN_BLOCK_CAPTURE_AUTORELEASING = YES;
				CLANG_WARN_BOOL_CONVERSION = YES;
				CLANG_WARN_COMMA = YES;
				CLANG_WARN_CONSTANT_CONVERSION = YES;
				CLANG_WARN_DEPRECATED_OBJC_IMPLEMENTATIONS = YES;
				CLANG_WARN_DIRECT_OBJC_ISA_USAGE = YES_ERROR;
				CLANG_WARN_DOCUMENTATION_COMMENTS = YES;
				CLANG_WARN_EMPTY_BODY = YES;
				CLANG_WARN_ENUM_CONVERSION = YES;
				CLANG_WARN_INFINITE_RECURSION = YES;
				CLANG_WARN_INT_CONVERSION = YES;
				CLANG_WARN_NON_LITERAL_NULL_CONVERSION = YES;
				CLANG_WARN_OBJC_IMPLICIT_RETAIN_SELF = YES;
				CLANG_WARN_OBJC_LITERAL_CONVERSION = YES;
				CLANG_WARN_OBJC_ROOT_CLASS = YES_ERROR;
				CLANG_WARN_QUOTED_INCLUDE_IN_FRAMEWORK_HEADER = YES;
				CLANG_WARN_RANGE_LOOP_ANALYSIS = YES;
				CLANG_WARN_STRICT_PROTOTYPES = YES;
				CLANG_WARN_SUSPICIOUS_MOVE = YES;
				CLANG_WARN_UNGUARDED_AVAILABILITY = YES_AGGRESSIVE;
				CLANG_WARN_UNREACHABLE_CODE = YES;
				CLANG_WARN__DUPLICATE_METHOD_MATCH = YES;
				COPY_PHASE_STRIP = NO;
				DEBUG_INFORMATION_FORMAT = "dwarf-with-dsym";
				ENABLE_NS_ASSERTIONS = NO;
				ENABLE_STRICT_OBJC_MSGSEND = YES;
				GCC_C_LANGUAGE_STANDARD = gnu11;
				GCC_NO_COMMON_BLOCKS = YES;
				GCC_WARN_64_TO_32_BIT_CONVERSION = YES;
				GCC_WARN_ABOUT_RETURN_TYPE = YES_ERROR;
				GCC_WARN_UNDECLARED_SELECTOR = YES;
				GCC_WARN_UNINITIALIZED_AUTOS = YES_AGGRESSIVE;
				GCC_WARN_UNUSED_FUNCTION = YES;
				GCC_WARN_UNUSED_VARIABLE = YES;
				IPHONEOS_DEPLOYMENT_TARGET = 14.5;
				MTL_ENABLE_DEBUG_INFO = NO;
				MTL_FAST_MATH = YES;
				SDKROOT = iphoneos;
				SWIFT_COMPILATION_MODE = wholemodule;
				SWIFT_OPTIMIZATION_LEVEL = "-O";
				VALIDATE_PRODUCT = YES;
			};
			name = Release;
		};
		5B32AC4926B368DC00504A02 /* Debug */ = {
			isa = XCBuildConfiguration;
			buildSettings = {
				ASSETCATALOG_COMPILER_APPICON_NAME = AppIcon;
				ASSETCATALOG_COMPILER_GLOBAL_ACCENT_COLOR_NAME = AccentColor;
				CODE_SIGN_STYLE = Automatic;
				DEVELOPMENT_TEAM = "";
				INFOPLIST_FILE = russianRoulette/Info.plist;
				IPHONEOS_DEPLOYMENT_TARGET = 14.4;
				LD_RUNPATH_SEARCH_PATHS = (
					"$(inherited)",
					"@executable_path/Frameworks",
				);
				PRODUCT_BUNDLE_IDENTIFIER = com.aguitech.russianRoulette;
				PRODUCT_NAME = "$(TARGET_NAME)";
				SWIFT_VERSION = 5.0;
				TARGETED_DEVICE_FAMILY = "1,2";
			};
			name = Debug;
		};
		5B32AC4A26B368DC00504A02 /* Release */ = {
			isa = XCBuildConfiguration;
			buildSettings = {
				ASSETCATALOG_COMPILER_APPICON_NAME = AppIcon;
				ASSETCATALOG_COMPILER_GLOBAL_ACCENT_COLOR_NAME = AccentColor;
				CODE_SIGN_STYLE = Automatic;
				DEVELOPMENT_TEAM = "";
				INFOPLIST_FILE = russianRoulette/Info.plist;
				IPHONEOS_DEPLOYMENT_TARGET = 14.4;
				LD_RUNPATH_SEARCH_PATHS = (
					"$(inherited)",
					"@executable_path/Frameworks",
				);
				PRODUCT_BUNDLE_IDENTIFIER = com.aguitech.russianRoulette;
				PRODUCT_NAME = "$(TARGET_NAME)";
				SWIFT_VERSION = 5.0;
				TARGETED_DEVICE_FAMILY = "1,2";
			};
			name = Release;
		};
/* End XCBuildConfiguration section */

/* Begin XCConfigurationList section */
		5B32AC2F26B368D900504A02 /* Build configuration list for PBXProject "russianRoulette" */ = {
			isa = XCConfigurationList;
			buildConfigurations = (
				5B32AC4626B368DC00504A02 /* Debug */,
				5B32AC4726B368DC00504A02 /* Release */,
			);
			defaultConfigurationIsVisible = 0;
			defaultConfigurationName = Release;
		};
		5B32AC4826B368DC00504A02 /* Build configuration list for PBXNativeTarget "russianRoulette" */ = {
			isa = XCConfigurationList;
			buildConfigurations = (
				5B32AC4926B368DC00504A02 /* Debug */,
				5B32AC4A26B368DC00504A02 /* Release */,
			);
			defaultConfigurationIsVisible = 0;
			defaultConfigurationName = Release;
		};
/* End XCConfigurationList section */
	};
	rootObject = 5B32AC2C26B368D900504A02 /* Project object */;
}
